github.com/haya14busa/go-checkstyle v0.0.0-20170303121022-5e9d09f51fa1/go.mod h1:RsN5RGgVYeXpcXNtWyztD5VIe7VNSEqpJvF2iEH7QvI=
github.com/haya14busa/go-sarif v0.0.0-20200721090635-d2343efc5d00/go.mod h1:1Hkn3JseGMB/hv1ywzkapVQDWV3bFgp6POZobZmR/5g=
github.com/haya14busa/go-sarif v0.0.0-20210102043135-e2c5fed2fa3d/go.mod h1:1Hkn3JseGMB/hv1ywzkapVQDWV3bFgp6POZobZmR/5g=
github.com/reviewdog/errorformat v0.0.0-20201213134116-55531c7dabdf h1:IIovZUdX4/KCbfRJpQ17dMMwa2jb2K7V9QhgyBelE38=
github.com/reviewdog/errorformat v0.0.0-20201213134116-55531c7dabdf/go.mod h1:Akd5vemrJaAHgnEOFrC4yMbEKaOsddwF1LKkfovSFI8=
github.com/reviewdog/errorformat v0.0.0-20201214112724-34272353d2f6 h1:eviyN1ICFM3mIRZyYwdAdjdFp7aU3Q41fc1IICrRsfY=
github.com/reviewdog/errorformat v0.0.0-20201214112724-34272353d2f6/go.mod h1:Akd5vemrJaAHgnEOFrC4yMbEKaOsddwF1LKkfovSFI8=
github.com/reviewdog/errorformat v0.0.0-20210207101503-c33bebfa8b85 h1:JTBH3kRT3+/6WsiLLx6wL7KPm+1QN5cPjqAUx57lmB0=
github.com/reviewdog/errorformat v0.0.0-20210207101503-c33bebfa8b85/go.mod h1:AqhrP0G7F9YRROF10JQwdd4cNO8bdm6bY6KzcOc3Cp8=
github.com/reviewdog/errorformat v0.0.0-20210223072252-e024dee5faea h1:aV7JMDq+w7z0NPEa5OcHSJ/0Ac0Qbmpssq8eHkcrJh8=
github.com/reviewdog/errorformat v0.0.0-20210223072252-e024dee5faea/go.mod h1:AqhrP0G7F9YRROF10JQwdd4cNO8bdm6bY6KzcOc3Cp8=
github.com/reviewdog/errorformat v0.0.0-20210517100703-fd739bda5dda h1:5Y9XKToBKO/WPJ9qq30nvpu9DUNy+nwvT8vcSwk/n8w=
github.com/reviewdog/errorformat v0.0.0-20210517100703-fd739bda5dda/go.mod h1:AqhrP0G7F9YRROF10JQwdd4cNO8bdm6bY6KzcOc3Cp8=
